
Microsoft Visual Studio Solution File, Format Version 12.00
# Visual Studio Version 17
VisualStudioVersion = 17.2.32630.192
MinimumVisualStudioVersion = 10.0.40219.1
Project("{FAE04EC0-301F-11D3-BF4B-00C04F79EFBC}") = "CoffeeShopRegistration", "CoffeeShopRegistration\CoffeeShopRegistration.csproj", "{473D2221-D5CA-4E26-B5F9-EAE719327721}"
EndProject
Global
	GlobalSection(SolutionConfigurationPlatforms) = preSolution
		Debug|Any CPU = Debug|Any CPU
		Release|Any CPU = Release|Any CPU
	EndGlobalSection
	GlobalSection(ProjectConfigurationPlatforms) = postSolution
		{473D2221-D5CA-4E26-B5F9-EAE719327721}.Debug|Any CPU.ActiveCfg = Debug|Any CPU
		{473D2221-D5CA-4E26-B5F9-EAE719327721}.Debug|Any CPU.Build.0 = Debug|Any CPU
		{473D2221-D5CA-4E26-B5F9-EAE719327721}.Release|Any CPU.ActiveCfg = Release|Any CPU
		{473D2221-D5CA-4E26-B5F9-EAE719327721}.Release|Any CPU.Build.0 = Release|Any CPU
	EndGlobalSection
	GlobalSection(SolutionProperties) = preSolution
		HideSolutionNode = FALSE
	EndGlobalSection
	GlobalSection(ExtensibilityGlobals) = postSolution
		SolutionGuid = {7B8522B2-CC10-4D5B-AD0B-BE5AB3FF5F1E}
	EndGlobalSection
EndGlobal
